
Microsoft Visual Studio Solution File, Format Version 12.00
# Visual Studio Version 16
VisualStudioVersion = 16.0.30406.217
MinimumVisualStudioVersion = 10.0.40219.1
Project("{2150E333-8FDC-42A3-9474-1A3956D46DE8}") = "PiggiesWorld.DAL", "PiggiesWorld.DAL", "{347D03BC-84F2-4C1B-99A1-4305FFB661CF}"
EndProject
Project("{2150E333-8FDC-42A3-9474-1A3956D46DE8}") = "PiggiesWorld.PL", "PiggiesWorld.PL", "{E40BA446-890F-43F4-9E47-7CEC9047D534}"
EndProject
Project("{2150E333-8FDC-42A3-9474-1A3956D46DE8}") = "PiggiesWorld.BLL", "PiggiesWorld.BLL", "{A7CF39D8-7EBA-4E34-BA7E-F6D0D4339E4D}"
EndProject
Project("{2150E333-8FDC-42A3-9474-1A3956D46DE8}") = "PiggiesWorld.Common", "PiggiesWorld.Common", "{D21F6AB6-E2CC-4F27-9FCB-A8DD22D1491E}"
EndProject
Project("{2150E333-8FDC-42A3-9474-1A3956D46DE8}") = "Contracts", "Contracts", "{E8493A9F-D127-4566-97BB-CCD269FB56AA}"
EndProject
Project("{2150E333-8FDC-42A3-9474-1A3956D46DE8}") = "Contracts", "Contracts", "{9B2F8818-B9B3-4384-A3D7-B5B8ED890361}"
EndProject
Project("{FAE04EC0-301F-11D3-BF4B-00C04F79EFBC}") = "PiggiesWorld.PL.Web", "PiggiesWorld.PL.Web\PiggiesWorld.PL.Web.csproj", "{80298BFB-A1C6-4451-B3AF-E38CBF72472C}"
EndProject
Project("{FAE04EC0-301F-11D3-BF4B-00C04F79EFBC}") = "PiggiesWorld.Common.Entities", "PiggiesWorld.Common.Entities\PiggiesWorld.Common.Entities.csproj", "{6CD4181F-56FC-4B2C-832E-E872551EC702}"
EndProject
Project("{FAE04EC0-301F-11D3-BF4B-00C04F79EFBC}") = "PiggiesWorld.BLL.Contracts", "PiggiesWorld.BLL.Contracts\PiggiesWorld.BLL.Contracts.csproj", "{ADB8D9C9-E352-42E6-BA5E-941348CB84FB}"
EndProject
Project("{FAE04EC0-301F-11D3-BF4B-00C04F79EFBC}") = "PiggiesWorld.DAL.Contracts", "PiggiesWorld.DAL.Contracts\PiggiesWorld.DAL.Contracts.csproj", "{E68CCD47-A98A-495E-9630-F23F11FDB159}"
EndProject
Project("{2150E333-8FDC-42A3-9474-1A3956D46DE8}") = "Sql", "Sql", "{1DCD6D97-677D-4AF8-A84A-BAE2CFE40777}"
EndProject
Project("{FAE04EC0-301F-11D3-BF4B-00C04F79EFBC}") = "PiggiesWorld.DAL.Sql", "PiggiesWorld.DAL.Sql\PiggiesWorld.DAL.Sql.csproj", "{FE755C07-00E5-4867-8529-1FF42027B4E9}"
EndProject
Project("{FAE04EC0-301F-11D3-BF4B-00C04F79EFBC}") = "PiggiesWorld.Common.Dependences", "PiggiesWorld.Common.Dependences\PiggiesWorld.Common.Dependences.csproj", "{61467BA8-15CC-473B-8F44-FC8BC1B61DE8}"
EndProject
Project("{FAE04EC0-301F-11D3-BF4B-00C04F79EFBC}") = "PiggiesWorld.BLL.Logic", "PiggiesWorld.BLL.Logic\PiggiesWorld.BLL.Logic.csproj", "{333AE25F-CAF1-42CE-93F8-4D5F039FA620}"
EndProject
Project("{2150E333-8FDC-42A3-9474-1A3956D46DE8}") = "HardDrive", "HardDrive", "{26B8A69E-C773-4E15-8645-5C93838462C2}"
EndProject
Project("{FAE04EC0-301F-11D3-BF4B-00C04F79EFBC}") = "PiggiesWorld.DAL.HardDrive", "PiggiesWorld.DAL.HardDrive\PiggiesWorld.DAL.HardDrive.csproj", "{8D3DF114-9596-4C8B-B728-F86EFC73BE2D}"
EndProject
Global
	GlobalSection(SolutionConfigurationPlatforms) = preSolution
		Debug|Any CPU = Debug|Any CPU
		Release|Any CPU = Release|Any CPU
	EndGlobalSection
	GlobalSection(ProjectConfigurationPlatforms) = postSolution
		{80298BFB-A1C6-4451-B3AF-E38CBF72472C}.Debug|Any CPU.ActiveCfg = Debug|Any CPU
		{80298BFB-A1C6-4451-B3AF-E38CBF72472C}.Debug|Any CPU.Build.0 = Debug|Any CPU
		{80298BFB-A1C6-4451-B3AF-E38CBF72472C}.Release|Any CPU.ActiveCfg = Release|Any CPU
		{80298BFB-A1C6-4451-B3AF-E38CBF72472C}.Release|Any CPU.Build.0 = Release|Any CPU
		{6CD4181F-56FC-4B2C-832E-E872551EC702}.Debug|Any CPU.ActiveCfg = Debug|Any CPU
		{6CD4181F-56FC-4B2C-832E-E872551EC702}.Debug|Any CPU.Build.0 = Debug|Any CPU
		{6CD4181F-56FC-4B2C-832E-E872551EC702}.Release|Any CPU.ActiveCfg = Release|Any CPU
		{6CD4181F-56FC-4B2C-832E-E872551EC702}.Release|Any CPU.Build.0 = Release|Any CPU
		{ADB8D9C9-E352-42E6-BA5E-941348CB84FB}.Debug|Any CPU.ActiveCfg = Debug|Any CPU
		{ADB8D9C9-E352-42E6-BA5E-941348CB84FB}.Debug|Any CPU.Build.0 = Debug|Any CPU
		{ADB8D9C9-E352-42E6-BA5E-941348CB84FB}.Release|Any CPU.ActiveCfg = Release|Any CPU
		{ADB8D9C9-E352-42E6-BA5E-941348CB84FB}.Release|Any CPU.Build.0 = Release|Any CPU
		{E68CCD47-A98A-495E-9630-F23F11FDB159}.Debug|Any CPU.ActiveCfg = Debug|Any CPU
		{E68CCD47-A98A-495E-9630-F23F11FDB159}.Debug|Any CPU.Build.0 = Debug|Any CPU
		{E68CCD47-A98A-495E-9630-F23F11FDB159}.Release|Any CPU.ActiveCfg = Release|Any CPU
		{E68CCD47-A98A-495E-9630-F23F11FDB159}.Release|Any CPU.Build.0 = Release|Any CPU
		{FE755C07-00E5-4867-8529-1FF42027B4E9}.Debug|Any CPU.ActiveCfg = Debug|Any CPU
		{FE755C07-00E5-4867-8529-1FF42027B4E9}.Debug|Any CPU.Build.0 = Debug|Any CPU
		{FE755C07-00E5-4867-8529-1FF42027B4E9}.Release|Any CPU.ActiveCfg = Release|Any CPU
		{FE755C07-00E5-4867-8529-1FF42027B4E9}.Release|Any CPU.Build.0 = Release|Any CPU
		{61467BA8-15CC-473B-8F44-FC8BC1B61DE8}.Debug|Any CPU.ActiveCfg = Debug|Any CPU
		{61467BA8-15CC-473B-8F44-FC8BC1B61DE8}.Debug|Any CPU.Build.0 = Debug|Any CPU
		{61467BA8-15CC-473B-8F44-FC8BC1B61DE8}.Release|Any CPU.ActiveCfg = Release|Any CPU
		{61467BA8-15CC-473B-8F44-FC8BC1B61DE8}.Release|Any CPU.Build.0 = Release|Any CPU
		{333AE25F-CAF1-42CE-93F8-4D5F039FA620}.Debug|Any CPU.ActiveCfg = Debug|Any CPU
		{333AE25F-CAF1-42CE-93F8-4D5F039FA620}.Debug|Any CPU.Build.0 = Debug|Any CPU
		{333AE25F-CAF1-42CE-93F8-4D5F039FA620}.Release|Any CPU.ActiveCfg = Release|Any CPU
		{333AE25F-CAF1-42CE-93F8-4D5F039FA620}.Release|Any CPU.Build.0 = Release|Any CPU
		{8D3DF114-9596-4C8B-B728-F86EFC73BE2D}.Debug|Any CPU.ActiveCfg = Debug|Any CPU
		{8D3DF114-9596-4C8B-B728-F86EFC73BE2D}.Debug|Any CPU.Build.0 = Debug|Any CPU
		{8D3DF114-9596-4C8B-B728-F86EFC73BE2D}.Release|Any CPU.ActiveCfg = Release|Any CPU
		{8D3DF114-9596-4C8B-B728-F86EFC73BE2D}.Release|Any CPU.Build.0 = Release|Any CPU
	EndGlobalSection
	GlobalSection(SolutionProperties) = preSolution
		HideSolutionNode = FALSE
	EndGlobalSection
	GlobalSection(NestedProjects) = preSolution
		{E8493A9F-D127-4566-97BB-CCD269FB56AA} = {347D03BC-84F2-4C1B-99A1-4305FFB661CF}
		{9B2F8818-B9B3-4384-A3D7-B5B8ED890361} = {A7CF39D8-7EBA-4E34-BA7E-F6D0D4339E4D}
		{80298BFB-A1C6-4451-B3AF-E38CBF72472C} = {E40BA446-890F-43F4-9E47-7CEC9047D534}
		{6CD4181F-56FC-4B2C-832E-E872551EC702} = {D21F6AB6-E2CC-4F27-9FCB-A8DD22D1491E}
		{ADB8D9C9-E352-42E6-BA5E-941348CB84FB} = {9B2F8818-B9B3-4384-A3D7-B5B8ED890361}
		{E68CCD47-A98A-495E-9630-F23F11FDB159} = {E8493A9F-D127-4566-97BB-CCD269FB56AA}
		{1DCD6D97-677D-4AF8-A84A-BAE2CFE40777} = {347D03BC-84F2-4C1B-99A1-4305FFB661CF}
		{FE755C07-00E5-4867-8529-1FF42027B4E9} = {1DCD6D97-677D-4AF8-A84A-BAE2CFE40777}
		{61467BA8-15CC-473B-8F44-FC8BC1B61DE8} = {D21F6AB6-E2CC-4F27-9FCB-A8DD22D1491E}
		{333AE25F-CAF1-42CE-93F8-4D5F039FA620} = {A7CF39D8-7EBA-4E34-BA7E-F6D0D4339E4D}
		{26B8A69E-C773-4E15-8645-5C93838462C2} = {347D03BC-84F2-4C1B-99A1-4305FFB661CF}
		{8D3DF114-9596-4C8B-B728-F86EFC73BE2D} = {26B8A69E-C773-4E15-8645-5C93838462C2}
	EndGlobalSection
	GlobalSection(ExtensibilityGlobals) = postSolution
		SolutionGuid = {2A61BD65-D7D7-429C-9919-9E798DDFF9CC}
	EndGlobalSection
EndGlobal
